
Microsoft Visual Studio Solution File, Format Version 12.00
# Visual Studio 2012
Project("{FAE04EC0-301F-11D3-BF4B-00C04F79EFBC}") = "xamarin-hydrate", "xamarin-hydrate\xamarin-hydrate.csproj", "{EF49AEB3-26DB-41F3-A5DD-83967543E642}"
EndProject
Project("{FAE04EC0-301F-11D3-BF4B-00C04F79EFBC}") = "xamarin-hydrate.UITests", "xamarin-hydrate.UITests\xamarin-hydrate.UITests.csproj", "{17A696A2-DAB2-4FD6-B229-7A38C2686EF5}"
EndProject
Global
	GlobalSection(SolutionConfigurationPlatforms) = preSolution
		Debug|Any CPU = Debug|Any CPU
		Release|Any CPU = Release|Any CPU
	EndGlobalSection
	GlobalSection(ProjectConfigurationPlatforms) = postSolution
		{17A696A2-DAB2-4FD6-B229-7A38C2686EF5}.Debug|Any CPU.ActiveCfg = Debug|Any CPU
		{17A696A2-DAB2-4FD6-B229-7A38C2686EF5}.Debug|Any CPU.Build.0 = Debug|Any CPU
		{17A696A2-DAB2-4FD6-B229-7A38C2686EF5}.Release|Any CPU.ActiveCfg = Release|Any CPU
		{17A696A2-DAB2-4FD6-B229-7A38C2686EF5}.Release|Any CPU.Build.0 = Release|Any CPU
		{EF49AEB3-26DB-41F3-A5DD-83967543E642}.Debug|Any CPU.ActiveCfg = Debug|Any CPU
		{EF49AEB3-26DB-41F3-A5DD-83967543E642}.Debug|Any CPU.Build.0 = Debug|Any CPU
		{EF49AEB3-26DB-41F3-A5DD-83967543E642}.Release|Any CPU.ActiveCfg = Release|Any CPU
		{EF49AEB3-26DB-41F3-A5DD-83967543E642}.Release|Any CPU.Build.0 = Release|Any CPU
	EndGlobalSection
EndGlobal
